// !$*UTF8*$!
{
	archiveVersion = 1;
	classes = {
	};
	objectVersion = 48;
	objects = {

/* Begin PBXBuildFile section */
		64D7BDA92022E73300E042B1 /* AppDelegate.swift in Sources */ = {isa = PBXBuildFile; fileRef = 64D7BDA82022E73300E042B1 /* AppDelegate.swift */; };
		64D7BDAB2022E73300E042B1 /* ViewController.swift in Sources */ = {isa = PBXBuildFile; fileRef = 64D7BDAA2022E73300E042B1 /* ViewController.swift */; };
		64D7BDAE2022E73300E042B1 /* Main.storyboard in Resources */ = {isa = PBXBuildFile; fileRef = 64D7BDAC2022E73300E042B1 /* Main.storyboard */; };
		64D7BDB02022E73300E042B1 /* Assets.xcassets in Resources */ = {isa = PBXBuildFile; fileRef = 64D7BDAF2022E73300E042B1 /* Assets.xcassets */; };
		64D7BDB32022E73300E042B1 /* LaunchScreen.storyboard in Resources */ = {isa = PBXBuildFile; fileRef = 64D7BDB12022E73300E042B1 /* LaunchScreen.storyboard */; };
		64D7BDDA2022EA4E00E042B1 /* AppDelegate.swift in Sources */ = {isa = PBXBuildFile; fileRef = 64D7BDD92022EA4E00E042B1 /* AppDelegate.swift */; };
		64D7BDDC2022EA4E00E042B1 /* ViewController.swift in Sources */ = {isa = PBXBuildFile; fileRef = 64D7BDDB2022EA4E00E042B1 /* ViewController.swift */; };
		64D7BDDE2022EA4E00E042B1 /* Assets.xcassets in Resources */ = {isa = PBXBuildFile; fileRef = 64D7BDDD2022EA4E00E042B1 /* Assets.xcassets */; };
		64D7BDE12022EA4E00E042B1 /* Main.storyboard in Resources */ = {isa = PBXBuildFile; fileRef = 64D7BDDF2022EA4E00E042B1 /* Main.storyboard */; };
		8FF6199211EBE7CBBD8FE4AD /* Pods_macOS.framework in Frameworks */ = {isa = PBXBuildFile; fileRef = 53A748FD7F5A3266ACAA0D17 /* Pods_macOS.framework */; };
		E1EA25B6897E85E150E35270 /* Pods_iOS.framework in Frameworks */ = {isa = PBXBuildFile; fileRef = 77ADF8738EAFA3BC22EC7C3A /* Pods_iOS.framework */; };
/* End PBXBuildFile section */

/* Begin PBXCopyFilesBuildPhase section */
		5C21A161202849CE00208FAC /* Embed Watch Content */ = {
			isa = PBXCopyFilesBuildPhase;
			buildActionMask = 2147483647;
			dstPath = "$(CONTENTS_FOLDER_PATH)/Watch";
			dstSubfolderSpec = 16;
			files = (
			);
			name = "Embed Watch Content";
			runOnlyForDeploymentPostprocessing = 0;
		};
/* End PBXCopyFilesBuildPhase section */

/* Begin PBXFileReference section */
		06CFC55DF446D6E7CF5ED897 /* Pods-tvOS.debug.xcconfig */ = {isa = PBXFileReference; includeInIndex = 1; lastKnownFileType = text.xcconfig; name = "Pods-tvOS.debug.xcconfig"; path = "Pods/Target Support Files/Pods-tvOS/Pods-tvOS.debug.xcconfig"; sourceTree = "<group>"; };
		4B53954293A550145DEAD0D2 /* Pods-iOS.debug.xcconfig */ = {isa = PBXFileReference; includeInIndex = 1; lastKnownFileType = text.xcconfig; name = "Pods-iOS.debug.xcconfig"; path = "Pods/Target Support Files/Pods-iOS/Pods-iOS.debug.xcconfig"; sourceTree = "<group>"; };
		4FD9993DE768D2429E9EA885 /* Pods-tvOS.release.xcconfig */ = {isa = PBXFileReference; includeInIndex = 1; lastKnownFileType = text.xcconfig; name = "Pods-tvOS.release.xcconfig"; path = "Pods/Target Support Files/Pods-tvOS/Pods-tvOS.release.xcconfig"; sourceTree = "<group>"; };
		53A748FD7F5A3266ACAA0D17 /* Pods_macOS.framework */ = {isa = PBXFileReference; explicitFileType = wrapper.framework; includeInIndex = 0; path = Pods_macOS.framework; sourceTree = BUILT_PRODUCTS_DIR; };
		5C21A0C820280DBE00208FAC /* .swiftlint.yml */ = {isa = PBXFileReference; explicitFileType = text.script.ruby; fileEncoding = 4; path = .swiftlint.yml; sourceTree = "<group>"; };
		64D7BDA62022E73300E042B1 /* iOS.app */ = {isa = PBXFileReference; explicitFileType = wrapper.application; includeInIndex = 0; path = iOS.app; sourceTree = BUILT_PRODUCTS_DIR; };
		64D7BDA82022E73300E042B1 /* AppDelegate.swift */ = {isa = PBXFileReference; lastKnownFileType = sourcecode.swift; path = AppDelegate.swift; sourceTree = "<group>"; };
		64D7BDAA2022E73300E042B1 /* ViewController.swift */ = {isa = PBXFileReference; lastKnownFileType = sourcecode.swift; path = ViewController.swift; sourceTree = "<group>"; };
		64D7BDAD2022E73300E042B1 /* Base */ = {isa = PBXFileReference; lastKnownFileType = file.storyboard; name = Base; path = Base.lproj/Main.storyboard; sourceTree = "<group>"; };
		64D7BDAF2022E73300E042B1 /* Assets.xcassets */ = {isa = PBXFileReference; lastKnownFileType = folder.assetcatalog; path = Assets.xcassets; sourceTree = "<group>"; };
		64D7BDB22022E73300E042B1 /* Base */ = {isa = PBXFileReference; lastKnownFileType = file.storyboard; name = Base; path = Base.lproj/LaunchScreen.storyboard; sourceTree = "<group>"; };
		64D7BDB42022E73300E042B1 /* Info.plist */ = {isa = PBXFileReference; lastKnownFileType = text.plist.xml; path = Info.plist; sourceTree = "<group>"; };
		64D7BDCE2022E86800E042B1 /* _config.yml */ = {isa = PBXFileReference; lastKnownFileType = text; name = _config.yml; path = ../_config.yml; sourceTree = "<group>"; };
		64D7BDCF2022E86800E042B1 /* EAKit.podspec */ = {isa = PBXFileReference; explicitFileType = text.script.ruby; fileEncoding = 4; name = EAKit.podspec; path = ../EAKit.podspec; sourceTree = "<group>"; xcLanguageSpecificationIdentifier = xcode.lang.ruby; };
		64D7BDD02022E86800E042B1 /* LICENSE.md */ = {isa = PBXFileReference; lastKnownFileType = net.daringfireball.markdown; name = LICENSE.md; path = ../LICENSE.md; sourceTree = "<group>"; };
		64D7BDD12022E86800E042B1 /* .gitignore */ = {isa = PBXFileReference; lastKnownFileType = text; name = .gitignore; path = ../.gitignore; sourceTree = "<group>"; };
		64D7BDD22022E86800E042B1 /* README.md */ = {isa = PBXFileReference; lastKnownFileType = net.daringfireball.markdown; name = README.md; path = ../README.md; sourceTree = "<group>"; };
		64D7BDD72022EA4E00E042B1 /* macOS.app */ = {isa = PBXFileReference; explicitFileType = wrapper.application; includeInIndex = 0; path = macOS.app; sourceTree = BUILT_PRODUCTS_DIR; };
		64D7BDD92022EA4E00E042B1 /* AppDelegate.swift */ = {isa = PBXFileReference; lastKnownFileType = sourcecode.swift; path = AppDelegate.swift; sourceTree = "<group>"; };
		64D7BDDB2022EA4E00E042B1 /* ViewController.swift */ = {isa = PBXFileReference; lastKnownFileType = sourcecode.swift; path = ViewController.swift; sourceTree = "<group>"; };
		64D7BDDD2022EA4E00E042B1 /* Assets.xcassets */ = {isa = PBXFileReference; lastKnownFileType = folder.assetcatalog; path = Assets.xcassets; sourceTree = "<group>"; };
		64D7BDE02022EA4E00E042B1 /* Base */ = {isa = PBXFileReference; lastKnownFileType = file.storyboard; name = Base; path = Base.lproj/Main.storyboard; sourceTree = "<group>"; };
		64D7BDE22022EA4E00E042B1 /* Info.plist */ = {isa = PBXFileReference; lastKnownFileType = text.plist.xml; path = Info.plist; sourceTree = "<group>"; };
		64D7BDE32022EA4E00E042B1 /* macOS.entitlements */ = {isa = PBXFileReference; lastKnownFileType = text.plist.entitlements; path = macOS.entitlements; sourceTree = "<group>"; };
		68AD7525176FEAE9551508D0 /* Pods-iOS.release.xcconfig */ = {isa = PBXFileReference; includeInIndex = 1; lastKnownFileType = text.xcconfig; name = "Pods-iOS.release.xcconfig"; path = "Pods/Target Support Files/Pods-iOS/Pods-iOS.release.xcconfig"; sourceTree = "<group>"; };
		7542F09C27074DFA514B6967 /* Pods-macOS.release.xcconfig */ = {isa = PBXFileReference; includeInIndex = 1; lastKnownFileType = text.xcconfig; name = "Pods-macOS.release.xcconfig"; path = "Pods/Target Support Files/Pods-macOS/Pods-macOS.release.xcconfig"; sourceTree = "<group>"; };
		77ADF8738EAFA3BC22EC7C3A /* Pods_iOS.framework */ = {isa = PBXFileReference; explicitFileType = wrapper.framework; includeInIndex = 0; path = Pods_iOS.framework; sourceTree = BUILT_PRODUCTS_DIR; };
		81B98B20CA4F698B40B5A6B4 /* Pods_tvOS.framework */ = {isa = PBXFileReference; explicitFileType = wrapper.framework; includeInIndex = 0; path = Pods_tvOS.framework; sourceTree = BUILT_PRODUCTS_DIR; };
		DD350BFAC916DD80E2B6288D /* Pods-macOS.debug.xcconfig */ = {isa = PBXFileReference; includeInIndex = 1; lastKnownFileType = text.xcconfig; name = "Pods-macOS.debug.xcconfig"; path = "Pods/Target Support Files/Pods-macOS/Pods-macOS.debug.xcconfig"; sourceTree = "<group>"; };
/* End PBXFileReference section */

/* Begin PBXFrameworksBuildPhase section */
		64D7BDA32022E73300E042B1 /* Frameworks */ = {
			isa = PBXFrameworksBuildPhase;
			buildActionMask = 2147483647;
			files = (
				E1EA25B6897E85E150E35270 /* Pods_iOS.framework in Frameworks */,
			);
			runOnlyForDeploymentPostprocessing = 0;
		};
		64D7BDD42022EA4E00E042B1 /* Frameworks */ = {
			isa = PBXFrameworksBuildPhase;
			buildActionMask = 2147483647;
			files = (
				8FF6199211EBE7CBBD8FE4AD /* Pods_macOS.framework in Frameworks */,
			);
			runOnlyForDeploymentPostprocessing = 0;
		};
/* End PBXFrameworksBuildPhase section */

/* Begin PBXGroup section */
		62ADDFA198C30B314D075BA4 /* Pods */ = {
			isa = PBXGroup;
			children = (
				4B53954293A550145DEAD0D2 /* Pods-iOS.debug.xcconfig */,
				68AD7525176FEAE9551508D0 /* Pods-iOS.release.xcconfig */,
				DD350BFAC916DD80E2B6288D /* Pods-macOS.debug.xcconfig */,
				7542F09C27074DFA514B6967 /* Pods-macOS.release.xcconfig */,
				06CFC55DF446D6E7CF5ED897 /* Pods-tvOS.debug.xcconfig */,
				4FD9993DE768D2429E9EA885 /* Pods-tvOS.release.xcconfig */,
			);
			name = Pods;
			sourceTree = "<group>";
		};
		64D7BD842022E72500E042B1 = {
			isa = PBXGroup;
			children = (
				5C21A0C820280DBE00208FAC /* .swiftlint.yml */,
				64D7BDCE2022E86800E042B1 /* _config.yml */,
				64D7BDD12022E86800E042B1 /* .gitignore */,
				64D7BDCF2022E86800E042B1 /* EAKit.podspec */,
				64D7BDD02022E86800E042B1 /* LICENSE.md */,
				64D7BDD22022E86800E042B1 /* README.md */,
				64D7BDA72022E73300E042B1 /* iOS */,
				64D7BDD82022EA4E00E042B1 /* macOS */,
				64D7BD8E2022E72500E042B1 /* Products */,
				62ADDFA198C30B314D075BA4 /* Pods */,
				C369BB511ECCD64A7DC33437 /* Frameworks */,
			);
			sourceTree = "<group>";
		};
		64D7BD8E2022E72500E042B1 /* Products */ = {
			isa = PBXGroup;
			children = (
				64D7BDA62022E73300E042B1 /* iOS.app */,
				64D7BDD72022EA4E00E042B1 /* macOS.app */,
			);
			name = Products;
			sourceTree = "<group>";
		};
		64D7BDA72022E73300E042B1 /* iOS */ = {
			isa = PBXGroup;
			children = (
				64D7BDA82022E73300E042B1 /* AppDelegate.swift */,
				64D7BDAA2022E73300E042B1 /* ViewController.swift */,
				64D7BDAC2022E73300E042B1 /* Main.storyboard */,
				64D7BDAF2022E73300E042B1 /* Assets.xcassets */,
				64D7BDB12022E73300E042B1 /* LaunchScreen.storyboard */,
				64D7BDB42022E73300E042B1 /* Info.plist */,
			);
			path = iOS;
			sourceTree = "<group>";
		};
		64D7BDD82022EA4E00E042B1 /* macOS */ = {
			isa = PBXGroup;
			children = (
				64D7BDD92022EA4E00E042B1 /* AppDelegate.swift */,
				64D7BDDB2022EA4E00E042B1 /* ViewController.swift */,
				64D7BDDD2022EA4E00E042B1 /* Assets.xcassets */,
				64D7BDDF2022EA4E00E042B1 /* Main.storyboard */,
				64D7BDE22022EA4E00E042B1 /* Info.plist */,
				64D7BDE32022EA4E00E042B1 /* macOS.entitlements */,
			);
			path = macOS;
			sourceTree = "<group>";
		};
		C369BB511ECCD64A7DC33437 /* Frameworks */ = {
			isa = PBXGroup;
			children = (
				77ADF8738EAFA3BC22EC7C3A /* Pods_iOS.framework */,
				53A748FD7F5A3266ACAA0D17 /* Pods_macOS.framework */,
				81B98B20CA4F698B40B5A6B4 /* Pods_tvOS.framework */,
			);
			name = Frameworks;
			sourceTree = "<group>";
		};
/* End PBXGroup section */

/* Begin PBXNativeTarget section */
		64D7BDA52022E73300E042B1 /* iOS */ = {
			isa = PBXNativeTarget;
			buildConfigurationList = 64D7BDB52022E73300E042B1 /* Build configuration list for PBXNativeTarget "iOS" */;
			buildPhases = (
				4385695E7E9D6520C4D1D56B /* [CP] Check Pods Manifest.lock */,
				64D7BDA22022E73300E042B1 /* Sources */,
				64D7BDA32022E73300E042B1 /* Frameworks */,
				64D7BDA42022E73300E042B1 /* Resources */,
				515DBE3B8186CAFC586D86C8 /* [CP] Embed Pods Frameworks */,
				9C6BE9EEE200A7262B0A28AB /* [CP] Copy Pods Resources */,
				5C21A0C720280DA100208FAC /* Lint */,
				5C21A161202849CE00208FAC /* Embed Watch Content */,
			);
			buildRules = (
			);
			dependencies = (
			);
			name = iOS;
			productName = iOS;
			productReference = 64D7BDA62022E73300E042B1 /* iOS.app */;
			productType = "com.apple.product-type.application";
		};
		64D7BDD62022EA4E00E042B1 /* macOS */ = {
			isa = PBXNativeTarget;
			buildConfigurationList = 64D7BDE42022EA4E00E042B1 /* Build configuration list for PBXNativeTarget "macOS" */;
			buildPhases = (
				22045FDFC4895F04A9930760 /* [CP] Check Pods Manifest.lock */,
				64D7BDD32022EA4E00E042B1 /* Sources */,
				64D7BDD42022EA4E00E042B1 /* Frameworks */,
				64D7BDD52022EA4E00E042B1 /* Resources */,
				8B48041946FBF6DD11DE1E6D /* [CP] Embed Pods Frameworks */,
				608A708D536586A3C9DC0EF5 /* [CP] Copy Pods Resources */,
				6416D56C206B736700BFF89C /* SwiftLint */,
			);
			buildRules = (
			);
			dependencies = (
			);
			name = macOS;
			productName = macOS;
			productReference = 64D7BDD72022EA4E00E042B1 /* macOS.app */;
			productType = "com.apple.product-type.application";
		};
/* End PBXNativeTarget section */

/* Begin PBXProject section */
		64D7BD852022E72500E042B1 /* Project object */ = {
			isa = PBXProject;
			attributes = {
				LastSwiftUpdateCheck = 0920;
				LastUpgradeCheck = 0920;
				ORGANIZATIONNAME = "Meniny Lab";
				TargetAttributes = {
					64D7BDA52022E73300E042B1 = {
						CreatedOnToolsVersion = 9.2;
						ProvisioningStyle = Automatic;
					};
					64D7BDD62022EA4E00E042B1 = {
						CreatedOnToolsVersion = 9.2;
						ProvisioningStyle = Automatic;
					};
				};
			};
			buildConfigurationList = 64D7BD882022E72500E042B1 /* Build configuration list for PBXProject "Sample" */;
			compatibilityVersion = "Xcode 8.0";
			developmentRegion = en;
			hasScannedForEncodings = 0;
			knownRegions = (
				en,
				Base,
			);
			mainGroup = 64D7BD842022E72500E042B1;
			productRefGroup = 64D7BD8E2022E72500E042B1 /* Products */;
			projectDirPath = "";
			projectRoot = "";
			targets = (
				64D7BDA52022E73300E042B1 /* iOS */,
				64D7BDD62022EA4E00E042B1 /* macOS */,
			);
		};
/* End PBXProject section */

/* Begin PBXResourcesBuildPhase section */
		64D7BDA42022E73300E042B1 /* Resources */ = {
			isa = PBXResourcesBuildPhase;
			buildActionMask = 2147483647;
			files = (
				64D7BDB32022E73300E042B1 /* LaunchScreen.storyboard in Resources */,
				64D7BDB02022E73300E042B1 /* Assets.xcassets in Resources */,
				64D7BDAE2022E73300E042B1 /* Main.storyboard in Resources */,
			);
			runOnlyForDeploymentPostprocessing = 0;
		};
		64D7BDD52022EA4E00E042B1 /* Resources */ = {
			isa = PBXResourcesBuildPhase;
			buildActionMask = 2147483647;
			files = (
				64D7BDDE2022EA4E00E042B1 /* Assets.xcassets in Resources */,
				64D7BDE12022EA4E00E042B1 /* Main.storyboard in Resources */,
			);
			runOnlyForDeploymentPostprocessing = 0;
		};
/* End PBXResourcesBuildPhase section */

/* Begin PBXShellScriptBuildPhase section */
		22045FDFC4895F04A9930760 /* [CP] Check Pods Manifest.lock */ = {
			isa = PBXShellScriptBuildPhase;
			buildActionMask = 2147483647;
			files = (
			);
			inputPaths = (
				"${PODS_PODFILE_DIR_PATH}/Podfile.lock",
				"${PODS_ROOT}/Manifest.lock",
			);
			name = "[CP] Check Pods Manifest.lock";
			outputPaths = (
				"$(DERIVED_FILE_DIR)/Pods-macOS-checkManifestLockResult.txt",
			);
			runOnlyForDeploymentPostprocessing = 0;
			shellPath = /bin/sh;
			shellScript = "diff \"${PODS_PODFILE_DIR_PATH}/Podfile.lock\" \"${PODS_ROOT}/Manifest.lock\" > /dev/null\nif [ $? != 0 ] ; then\n    # print error to STDERR\n    echo \"error: The sandbox is not in sync with the Podfile.lock. Run 'pod install' or update your CocoaPods installation.\" >&2\n    exit 1\nfi\n# This output is used by Xcode 'outputs' to avoid re-running this script phase.\necho \"SUCCESS\" > \"${SCRIPT_OUTPUT_FILE_0}\"\n";
			showEnvVarsInLog = 0;
		};
		4385695E7E9D6520C4D1D56B /* [CP] Check Pods Manifest.lock */ = {
			isa = PBXShellScriptBuildPhase;
			buildActionMask = 2147483647;
			files = (
			);
			inputPaths = (
				"${PODS_PODFILE_DIR_PATH}/Podfile.lock",
				"${PODS_ROOT}/Manifest.lock",
			);
			name = "[CP] Check Pods Manifest.lock";
			outputPaths = (
				"$(DERIVED_FILE_DIR)/Pods-iOS-checkManifestLockResult.txt",
			);
			runOnlyForDeploymentPostprocessing = 0;
			shellPath = /bin/sh;
			shellScript = "diff \"${PODS_PODFILE_DIR_PATH}/Podfile.lock\" \"${PODS_ROOT}/Manifest.lock\" > /dev/null\nif [ $? != 0 ] ; then\n    # print error to STDERR\n    echo \"error: The sandbox is not in sync with the Podfile.lock. Run 'pod install' or update your CocoaPods installation.\" >&2\n    exit 1\nfi\n# This output is used by Xcode 'outputs' to avoid re-running this script phase.\necho \"SUCCESS\" > \"${SCRIPT_OUTPUT_FILE_0}\"\n";
			showEnvVarsInLog = 0;
		};
		515DBE3B8186CAFC586D86C8 /* [CP] Embed Pods Frameworks */ = {
			isa = PBXShellScriptBuildPhase;
			buildActionMask = 2147483647;
			files = (
			);
			inputPaths = (
				"${SRCROOT}/Pods/Target Support Files/Pods-iOS/Pods-iOS-frameworks.sh",
				"${BUILT_PRODUCTS_DIR}/EAKit-iOS/EAKit.framework",
			);
			name = "[CP] Embed Pods Frameworks";
			outputPaths = (
				"${TARGET_BUILD_DIR}/${FRAMEWORKS_FOLDER_PATH}/EAKit.framework",
			);
			runOnlyForDeploymentPostprocessing = 0;
			shellPath = /bin/sh;
			shellScript = "\"${SRCROOT}/Pods/Target Support Files/Pods-iOS/Pods-iOS-frameworks.sh\"\n";
			showEnvVarsInLog = 0;
		};
		5C21A0C720280DA100208FAC /* Lint */ = {
			isa = PBXShellScriptBuildPhase;
			buildActionMask = 2147483647;
			files = (
			);
			inputPaths = (
			);
			name = Lint;
			outputPaths = (
			);
			runOnlyForDeploymentPostprocessing = 0;
			shellPath = /bin/sh;
			shellScript = "\"${PODS_ROOT}/SwiftLint/swiftlint\"";
		};
		608A708D536586A3C9DC0EF5 /* [CP] Copy Pods Resources */ = {
			isa = PBXShellScriptBuildPhase;
			buildActionMask = 2147483647;
			files = (
			);
			inputPaths = (
			);
			name = "[CP] Copy Pods Resources";
			outputPaths = (
			);
			runOnlyForDeploymentPostprocessing = 0;
			shellPath = /bin/sh;
			shellScript = "\"${SRCROOT}/Pods/Target Support Files/Pods-macOS/Pods-macOS-resources.sh\"\n";
			showEnvVarsInLog = 0;
		};
		6416D56C206B736700BFF89C /* SwiftLint */ = {
			isa = PBXShellScriptBuildPhase;
			buildActionMask = 2147483647;
			files = (
			);
			inputPaths = (
			);
			name = SwiftLint;
			outputPaths = (
			);
			runOnlyForDeploymentPostprocessing = 0;
			shellPath = /bin/sh;
			shellScript = "\"${PODS_ROOT}/SwiftLint/swiftlint\"";
		};
		8B48041946FBF6DD11DE1E6D /* [CP] Embed Pods Frameworks */ = {
			isa = PBXShellScriptBuildPhase;
			buildActionMask = 2147483647;
			files = (
			);
			inputPaths = (
				"${SRCROOT}/Pods/Target Support Files/Pods-macOS/Pods-macOS-frameworks.sh",
				"${BUILT_PRODUCTS_DIR}/EAKit-macOS/EAKit.framework",
			);
			name = "[CP] Embed Pods Frameworks";
			outputPaths = (
				"${TARGET_BUILD_DIR}/${FRAMEWORKS_FOLDER_PATH}/EAKit.framework",
			);
			runOnlyForDeploymentPostprocessing = 0;
			shellPath = /bin/sh;
			shellScript = "\"${SRCROOT}/Pods/Target Support Files/Pods-macOS/Pods-macOS-frameworks.sh\"\n";
			showEnvVarsInLog = 0;
		};
		9C6BE9EEE200A7262B0A28AB /* [CP] Copy Pods Resources */ = {
			isa = PBXShellScriptBuildPhase;
			buildActionMask = 2147483647;
			files = (
			);
			inputPaths = (
			);
			name = "[CP] Copy Pods Resources";
			outputPaths = (
			);
			runOnlyForDeploymentPostprocessing = 0;
			shellPath = /bin/sh;
			shellScript = "\"${SRCROOT}/Pods/Target Support Files/Pods-iOS/Pods-iOS-resources.sh\"\n";
			showEnvVarsInLog = 0;
		};
/* End PBXShellScriptBuildPhase section */

/* Begin PBXSourcesBuildPhase section */
		64D7BDA22022E73300E042B1 /* Sources */ = {
			isa = PBXSourcesBuildPhase;
			buildActionMask = 2147483647;
			files = (
				64D7BDAB2022E73300E042B1 /* ViewController.swift in Sources */,
				64D7BDA92022E73300E042B1 /* AppDelegate.swift in Sources */,
			);
			runOnlyForDeploymentPostprocessing = 0;
		};
		64D7BDD32022EA4E00E042B1 /* Sources */ = {
			isa = PBXSourcesBuildPhase;
			buildActionMask = 2147483647;
			files = (
				64D7BDDC2022EA4E00E042B1 /* ViewController.swift in Sources */,
				64D7BDDA2022EA4E00E042B1 /* AppDelegate.swift in Sources */,
			);
			runOnlyForDeploymentPostprocessing = 0;
		};
/* End PBXSourcesBuildPhase section */

/* Begin PBXVariantGroup section */
		64D7BDAC2022E73300E042B1 /* Main.storyboard */ = {
			isa = PBXVariantGroup;
			children = (
				64D7BDAD2022E73300E042B1 /* Base */,
			);
			name = Main.storyboard;
			sourceTree = "<group>";
		};
		64D7BDB12022E73300E042B1 /* LaunchScreen.storyboard */ = {
			isa = PBXVariantGroup;
			children = (
				64D7BDB22022E73300E042B1 /* Base */,
			);
			name = LaunchScreen.storyboard;
			sourceTree = "<group>";
		};
		64D7BDDF2022EA4E00E042B1 /* Main.storyboard */ = {
			isa = PBXVariantGroup;
			children = (
				64D7BDE02022EA4E00E042B1 /* Base */,
			);
			name = Main.storyboard;
			sourceTree = "<group>";
		};
/* End PBXVariantGroup section */

/* Begin XCBuildConfiguration section */
		64D7BD9D2022E72500E042B1 /* Debug */ = {
			isa = XCBuildConfiguration;
			buildSettings = {
				ALWAYS_SEARCH_USER_PATHS = NO;
				CLANG_ANALYZER_NONNULL = YES;
				CLANG_ANALYZER_NUMBER_OBJECT_CONVERSION = YES_AGGRESSIVE;
				CLANG_CXX_LANGUAGE_STANDARD = "gnu++14";
				CLANG_CXX_LIBRARY = "libc++";
				CLANG_ENABLE_MODULES = YES;
				CLANG_ENABLE_OBJC_ARC = YES;
				CLANG_WARN_BLOCK_CAPTURE_AUTORELEASING = YES;
				CLANG_WARN_BOOL_CONVERSION = YES;
				CLANG_WARN_COMMA = YES;
				CLANG_WARN_CONSTANT_CONVERSION = YES;
				CLANG_WARN_DIRECT_OBJC_ISA_USAGE = YES_ERROR;
				CLANG_WARN_DOCUMENTATION_COMMENTS = YES;
				CLANG_WARN_EMPTY_BODY = YES;
				CLANG_WARN_ENUM_CONVERSION = YES;
				CLANG_WARN_INFINITE_RECURSION = YES;
				CLANG_WARN_INT_CONVERSION = YES;
				CLANG_WARN_NON_LITERAL_NULL_CONVERSION = YES;
				CLANG_WARN_OBJC_LITERAL_CONVERSION = YES;
				CLANG_WARN_OBJC_ROOT_CLASS = YES_ERROR;
				CLANG_WARN_RANGE_LOOP_ANALYSIS = YES;
				CLANG_WARN_STRICT_PROTOTYPES = YES;
				CLANG_WARN_SUSPICIOUS_MOVE = YES;
				CLANG_WARN_UNGUARDED_AVAILABILITY = YES_AGGRESSIVE;
				CLANG_WARN_UNREACHABLE_CODE = YES;
				CLANG_WARN__DUPLICATE_METHOD_MATCH = YES;
				CODE_SIGN_IDENTITY = "iPhone Developer";
				COPY_PHASE_STRIP = NO;
				DEBUG_INFORMATION_FORMAT = dwarf;
				ENABLE_STRICT_OBJC_MSGSEND = YES;
				ENABLE_TESTABILITY = YES;
				GCC_C_LANGUAGE_STANDARD = gnu11;
				GCC_DYNAMIC_NO_PIC = NO;
				GCC_NO_COMMON_BLOCKS = YES;
				GCC_OPTIMIZATION_LEVEL = 0;
				GCC_PREPROCESSOR_DEFINITIONS = (
					"DEBUG=1",
					"$(inherited)",
				);
				GCC_WARN_64_TO_32_BIT_CONVERSION = YES;
				GCC_WARN_ABOUT_RETURN_TYPE = YES_ERROR;
				GCC_WARN_UNDECLARED_SELECTOR = YES;
				GCC_WARN_UNINITIALIZED_AUTOS = YES_AGGRESSIVE;
				GCC_WARN_UNUSED_FUNCTION = YES;
				GCC_WARN_UNUSED_VARIABLE = YES;
				IPHONEOS_DEPLOYMENT_TARGET = 11.2;
				MTL_ENABLE_DEBUG_INFO = YES;
				ONLY_ACTIVE_ARCH = YES;
				SDKROOT = iphoneos;
				SWIFT_ACTIVE_COMPILATION_CONDITIONS = DEBUG;
				SWIFT_OPTIMIZATION_LEVEL = "-Onone";
			};
			name = Debug;
		};
		64D7BD9E2022E72500E042B1 /* Release */ = {
			isa = XCBuildConfiguration;
			buildSettings = {
				ALWAYS_SEARCH_USER_PATHS = NO;
				CLANG_ANALYZER_NONNULL = YES;
				CLANG_ANALYZER_NUMBER_OBJECT_CONVERSION = YES_AGGRESSIVE;
				CLANG_CXX_LANGUAGE_STANDARD = "gnu++14";
				CLANG_CXX_LIBRARY = "libc++";
				CLANG_ENABLE_MODULES = YES;
				CLANG_ENABLE_OBJC_ARC = YES;
				CLANG_WARN_BLOCK_CAPTURE_AUTORELEASING = YES;
				CLANG_WARN_BOOL_CONVERSION = YES;
				CLANG_WARN_COMMA = YES;
				CLANG_WARN_CONSTANT_CONVERSION = YES;
				CLANG_WARN_DIRECT_OBJC_ISA_USAGE = YES_ERROR;
				CLANG_WARN_DOCUMENTATION_COMMENTS = YES;
				CLANG_WARN_EMPTY_BODY = YES;
				CLANG_WARN_ENUM_CONVERSION = YES;
				CLANG_WARN_INFINITE_RECURSION = YES;
				CLANG_WARN_INT_CONVERSION = YES;
				CLANG_WARN_NON_LITERAL_NULL_CONVERSION = YES;
				CLANG_WARN_OBJC_LITERAL_CONVERSION = YES;
				CLANG_WARN_OBJC_ROOT_CLASS = YES_ERROR;
				CLANG_WARN_RANGE_LOOP_ANALYSIS = YES;
				CLANG_WARN_STRICT_PROTOTYPES = YES;
				CLANG_WARN_SUSPICIOUS_MOVE = YES;
				CLANG_WARN_UNGUARDED_AVAILABILITY = YES_AGGRESSIVE;
				CLANG_WARN_UNREACHABLE_CODE = YES;
				CLANG_WARN__DUPLICATE_METHOD_MATCH = YES;
				CODE_SIGN_IDENTITY = "iPhone Developer";
				COPY_PHASE_STRIP = NO;
				DEBUG_INFORMATION_FORMAT = "dwarf-with-dsym";
				ENABLE_NS_ASSERTIONS = NO;
				ENABLE_STRICT_OBJC_MSGSEND = YES;
				GCC_C_LANGUAGE_STANDARD = gnu11;
				GCC_NO_COMMON_BLOCKS = YES;
				GCC_WARN_64_TO_32_BIT_CONVERSION = YES;
				GCC_WARN_ABOUT_RETURN_TYPE = YES_ERROR;
				GCC_WARN_UNDECLARED_SELECTOR = YES;
				GCC_WARN_UNINITIALIZED_AUTOS = YES_AGGRESSIVE;
				GCC_WARN_UNUSED_FUNCTION = YES;
				GCC_WARN_UNUSED_VARIABLE = YES;
				IPHONEOS_DEPLOYMENT_TARGET = 11.2;
				MTL_ENABLE_DEBUG_INFO = NO;
				SDKROOT = iphoneos;
				SWIFT_OPTIMIZATION_LEVEL = "-Owholemodule";
				VALIDATE_PRODUCT = YES;
			};
			name = Release;
		};
		64D7BDB62022E73300E042B1 /* Debug */ = {
			isa = XCBuildConfiguration;
			baseConfigurationReference = 4B53954293A550145DEAD0D2 /* Pods-iOS.debug.xcconfig */;
			buildSettings = {
				ASSETCATALOG_COMPILER_APPICON_NAME = AppIcon;
				CODE_SIGN_STYLE = Automatic;
				DEVELOPMENT_TEAM = 63YL5QDMNS;
				INFOPLIST_FILE = iOS/Info.plist;
				LD_RUNPATH_SEARCH_PATHS = "$(inherited) @executable_path/Frameworks";
				PRODUCT_BUNDLE_IDENTIFIER = cn.meniny.EAKit.iOS;
				PRODUCT_NAME = "$(TARGET_NAME)";
				SWIFT_VERSION = 4.0;
				TARGETED_DEVICE_FAMILY = "1,2";
			};
			name = Debug;
		};
		64D7BDB72022E73300E042B1 /* Release */ = {
			isa = XCBuildConfiguration;
			baseConfigurationReference = 68AD7525176FEAE9551508D0 /* Pods-iOS.release.xcconfig */;
			buildSettings = {
				ASSETCATALOG_COMPILER_APPICON_NAME = AppIcon;
				CODE_SIGN_STYLE = Automatic;
				DEVELOPMENT_TEAM = 63YL5QDMNS;
				INFOPLIST_FILE = iOS/Info.plist;
				LD_RUNPATH_SEARCH_PATHS = "$(inherited) @executable_path/Frameworks";
				PRODUCT_BUNDLE_IDENTIFIER = cn.meniny.EAKit.iOS;
				PRODUCT_NAME = "$(TARGET_NAME)";
				SWIFT_VERSION = 4.0;
				TARGETED_DEVICE_FAMILY = "1,2";
			};
			name = Release;
		};
		64D7BDE52022EA4E00E042B1 /* Debug */ = {
			isa = XCBuildConfiguration;
			baseConfigurationReference = DD350BFAC916DD80E2B6288D /* Pods-macOS.debug.xcconfig */;
			buildSettings = {
				ASSETCATALOG_COMPILER_APPICON_NAME = AppIcon;
				CODE_SIGN_ENTITLEMENTS = macOS/macOS.entitlements;
				CODE_SIGN_IDENTITY = "Mac Developer";
				CODE_SIGN_STYLE = Automatic;
				COMBINE_HIDPI_IMAGES = YES;
				DEVELOPMENT_TEAM = 63YL5QDMNS;
				INFOPLIST_FILE = macOS/Info.plist;
				LD_RUNPATH_SEARCH_PATHS = "$(inherited) @executable_path/../Frameworks";
				MACOSX_DEPLOYMENT_TARGET = 10.13;
				PRODUCT_BUNDLE_IDENTIFIER = cn.meniny.EAKit.macOS;
				PRODUCT_NAME = "$(TARGET_NAME)";
				SDKROOT = macosx;
				SWIFT_VERSION = 4.0;
			};
			name = Debug;
		};
		64D7BDE62022EA4E00E042B1 /* Release */ = {
			isa = XCBuildConfiguration;
			baseConfigurationReference = 7542F09C27074DFA514B6967 /* Pods-macOS.release.xcconfig */;
			buildSettings = {
				ASSETCATALOG_COMPILER_APPICON_NAME = AppIcon;
				CODE_SIGN_ENTITLEMENTS = macOS/macOS.entitlements;
				CODE_SIGN_IDENTITY = "Mac Developer";
				CODE_SIGN_STYLE = Automatic;
				COMBINE_HIDPI_IMAGES = YES;
				DEVELOPMENT_TEAM = 63YL5QDMNS;
				INFOPLIST_FILE = macOS/Info.plist;
				LD_RUNPATH_SEARCH_PATHS = "$(inherited) @executable_path/../Frameworks";
				MACOSX_DEPLOYMENT_TARGET = 10.13;
				PRODUCT_BUNDLE_IDENTIFIER = cn.meniny.EAKit.macOS;
				PRODUCT_NAME = "$(TARGET_NAME)";
				SDKROOT = macosx;
				SWIFT_VERSION = 4.0;
			};
			name = Release;
		};
/* End XCBuildConfiguration section */

/* Begin XCConfigurationList section */
		64D7BD882022E72500E042B1 /* Build configuration list for PBXProject "Sample" */ = {
			isa = XCConfigurationList;
			buildConfigurations = (
				64D7BD9D2022E72500E042B1 /* Debug */,
				64D7BD9E2022E72500E042B1 /* Release */,
			);
			defaultConfigurationIsVisible = 0;
			defaultConfigurationName = Release;
		};
		64D7BDB52022E73300E042B1 /* Build configuration list for PBXNativeTarget "iOS" */ = {
			isa = XCConfigurationList;
			buildConfigurations = (
				64D7BDB62022E73300E042B1 /* Debug */,
				64D7BDB72022E73300E042B1 /* Release */,
			);
			defaultConfigurationIsVisible = 0;
			defaultConfigurationName = Release;
		};
		64D7BDE42022EA4E00E042B1 /* Build configuration list for PBXNativeTarget "macOS" */ = {
			isa = XCConfigurationList;
			buildConfigurations = (
				64D7BDE52022EA4E00E042B1 /* Debug */,
				64D7BDE62022EA4E00E042B1 /* Release */,
			);
			defaultConfigurationIsVisible = 0;
			defaultConfigurationName = Release;
		};
/* End XCConfigurationList section */
	};
	rootObject = 64D7BD852022E72500E042B1 /* Project object */;
}
