PODS:
  - EAKit (1.3.2):
    - EAKit/AppKit (= 1.3.2)
    - EAKit/Core (= 1.3.2)
    - EAKit/CoreGraphics (= 1.3.2)
    - EAKit/CoreLocation (= 1.3.2)
    - EAKit/Foundation (= 1.3.2)
    - EAKit/Runtime (= 1.3.2)
    - EAKit/sysctl (= 1.3.2)
    - EAKit/Testing (= 1.3.2)
    - EAKit/UIKit (= 1.3.2)
  - EAKit/AppKit (1.3.2):
    - EAKit/Core
  - EAKit/Core (1.3.2)
  - EAKit/CoreGraphics (1.3.2):
    - EAKit/Core
  - EAKit/CoreLocation (1.3.2):
    - EAKit/Core
  - EAKit/Foundation (1.3.2):
    - EAKit/Core
  - EAKit/Runtime (1.3.2)
  - EAKit/sysctl (1.3.2)
  - EAKit/Testing (1.3.2)
  - EAKit/UIKit (1.3.2):
    - EAKit/Core
  - SwiftLint (0.24.2)

DEPENDENCIES:
  - EAKit (from `../`)
  - SwiftLint

EXTERNAL SOURCES:
  EAKit:
    :path: ../

SPEC CHECKSUMS:
  EAKit: c68609e28b2cb21c3efeded766dbfdf15fef161f
  SwiftLint: 2aa21b96c8d13396a051bc1cb659d2ce1e0075b0

PODFILE CHECKSUM: 7a7af1227a412edae239b2d614722fe49eb0a507

COCOAPODS: 1.4.0
