PODS:
  - EAKit (1.4.3):
    - EAKit/AppKit (= 1.4.3)
    - EAKit/Core (= 1.4.3)
    - EAKit/CoreGraphics (= 1.4.3)
    - EAKit/CoreLocation (= 1.4.3)
    - EAKit/Foundation (= 1.4.3)
    - EAKit/Runtime (= 1.4.3)
    - EAKit/sysctl (= 1.4.3)
    - EAKit/Testing (= 1.4.3)
    - EAKit/UIKit (= 1.4.3)
  - EAKit/AppKit (1.4.3):
    - EAKit/Core
  - EAKit/Core (1.4.3)
  - EAKit/CoreGraphics (1.4.3):
    - EAKit/Core
  - EAKit/CoreLocation (1.4.3):
    - EAKit/Core
  - EAKit/Foundation (1.4.3):
    - EAKit/Core
  - EAKit/Runtime (1.4.3)
  - EAKit/sysctl (1.4.3)
  - EAKit/Testing (1.4.3)
  - EAKit/UIKit (1.4.3):
    - EAKit/Core
  - SwiftLint (0.24.2)

DEPENDENCIES:
  - EAKit (from `../`)
  - SwiftLint

SPEC REPOS:
  https://github.com/CocoaPods/Specs.git:
    - SwiftLint

EXTERNAL SOURCES:
  EAKit:
    :path: "../"

SPEC CHECKSUMS:
  EAKit: 864df1c39271e3d2bbb203d5834aef737e5d3392
  SwiftLint: 2aa21b96c8d13396a051bc1cb659d2ce1e0075b0

PODFILE CHECKSUM: 7a7af1227a412edae239b2d614722fe49eb0a507

COCOAPODS: 1.5.0
